<Solution>
  <Folder Name="/Task0/">
    <File Path="tyuiu.cources.programming.interfaces.dll" />
    <Project Path="D:/unislop/Tyuiu.KorolevSA.Sprint1.Task0.V19.Lib/Tyuiu.KorolevSA.Sprint1.Task0.V19.Lib.csproj" Id="308d763c-0cf6-427b-b6ad-08e7d4570099" />
    <Project Path="D:/unislop/Tyuiu.KorolevSA.Sprint1.Task0.V19.Test/Tyuiu.KorolevSA.Sprint1.Task0.V19.Test.csproj" Id="b0d3c98b-a15b-430b-90cb-137fccdef6c1" />
    <Project Path="D:/unislop/Tyuiu.KorolevSA.Sprint1.Task0.V19/Tyuiu.KorolevSA.Sprint1.Task0.V19.csproj" Id="20517faf-be8f-4c1e-be3a-4a1dfae0d080" />
  </Folder>
  <Folder Name="/Task1/">
    <Project Path="D:/unislop/Tyuiu.KorolevSA.Sprint1.Task1.V10.Lib/Tyuiu.KorolevSA.Sprint1.Task1.V10.Lib.csproj" Id="f4cb13da-6395-45b3-9b20-ad756306c54a" />
    <Project Path="D:/unislop/Tyuiu.KorolevSA.Sprint1.Task1.V10.Test/Tyuiu.KorolevSA.Sprint1.Task1.V10.Test.csproj" Id="948c8504-7ff5-491c-a0a3-199d96661c44" />
    <Project Path="D:/unislop/Tyuiu.KorolevSA.Sprint1.Task1.V10/Tyuiu.KorolevSA.Sprint1.Task1.V10.csproj" Id="97487965-9985-480f-8e6d-5b02ac530204" />
  </Folder>
  <Folder Name="/Task2/">
    <File Path="tyuiu.cources.programming.interfaces.dll" />
    <Project Path="Tyuiu.KorolevSA.Sprint1.Task2.V29.Lib/Tyuiu.KorolevSA.Sprint1.Task2.V29.Lib.csproj" Id="553260cb-6b12-41e9-bbaf-88210278b749" />
    <Project Path="Tyuiu.KorolevSA.Sprint1.Task2.V29.Test/Tyuiu.KorolevSA.Sprint1.Task2.V29.Test.csproj" Id="996a42d6-7bd8-48b8-a73d-101e6882ed85" />
    <Project Path="Tyuiu.KorolevSA.Sprint1.Task2.V29/Tyuiu.KorolevSA.Sprint1.Task2.V29.csproj" Id="82b55f02-ecd7-49fd-8508-f79ee315557d" />
  </Folder>
</Solution>
